
Microsoft Visual Studio Solution File, Format Version 12.00
# Visual Studio Version 17
VisualStudioVersion = 17.0.31903.59
MinimumVisualStudioVersion = 10.0.40219.1
Project("{2150E333-8FDC-42A3-9474-1A3956D46DE8}") = "Server", "Server", "{DAD03CFC-D5FA-AC94-41C7-9ABAB326F09E}"
EndProject
Project("{2150E333-8FDC-42A3-9474-1A3956D46DE8}") = "src", "src", "{2132E9AA-A8A6-6DB3-1CCB-FE240A8CB002}"
EndProject
Project("{FAE04EC0-301F-11D3-BF4B-00C04F79EFBC}") = "TourismHub.API", "Server\src\TourismHub.API\TourismHub.API.csproj", "{9AD56E52-E929-4400-875E-76ECD7F08411}"
EndProject
Project("{FAE04EC0-301F-11D3-BF4B-00C04F79EFBC}") = "TourismHub.Application", "Server\src\TourismHub.Application\TourismHub.Application.csproj", "{9EF4F0EC-1AF1-4AAE-BC96-A7748991F2B3}"
EndProject
Project("{FAE04EC0-301F-11D3-BF4B-00C04F79EFBC}") = "TourismHub.Domain", "Server\src\TourismHub.Domain\TourismHub.Domain.csproj", "{2E644736-205A-44BD-8CA4-05A21950EE6F}"
EndProject
Project("{FAE04EC0-301F-11D3-BF4B-00C04F79EFBC}") = "TourismHub.Infrastructure", "Server\src\TourismHub.Infrastructure\TourismHub.Infrastructure.csproj", "{8E03CFBD-840B-4B69-9ED8-42F819B5DF56}"
EndProject
Global
	GlobalSection(SolutionConfigurationPlatforms) = preSolution
		Debug|Any CPU = Debug|Any CPU
		Debug|x64 = Debug|x64
		Debug|x86 = Debug|x86
		Release|Any CPU = Release|Any CPU
		Release|x64 = Release|x64
		Release|x86 = Release|x86
	EndGlobalSection
	GlobalSection(ProjectConfigurationPlatforms) = postSolution
		{9AD56E52-E929-4400-875E-76ECD7F08411}.Debug|Any CPU.ActiveCfg = Debug|Any CPU
		{9AD56E52-E929-4400-875E-76ECD7F08411}.Debug|Any CPU.Build.0 = Debug|Any CPU
		{9AD56E52-E929-4400-875E-76ECD7F08411}.Debug|x64.ActiveCfg = Debug|Any CPU
		{9AD56E52-E929-4400-875E-76ECD7F08411}.Debug|x64.Build.0 = Debug|Any CPU
		{9AD56E52-E929-4400-875E-76ECD7F08411}.Debug|x86.ActiveCfg = Debug|Any CPU
		{9AD56E52-E929-4400-875E-76ECD7F08411}.Debug|x86.Build.0 = Debug|Any CPU
		{9AD56E52-E929-4400-875E-76ECD7F08411}.Release|Any CPU.ActiveCfg = Release|Any CPU
		{9AD56E52-E929-4400-875E-76ECD7F08411}.Release|Any CPU.Build.0 = Release|Any CPU
		{9AD56E52-E929-4400-875E-76ECD7F08411}.Release|x64.ActiveCfg = Release|Any CPU
		{9AD56E52-E929-4400-875E-76ECD7F08411}.Release|x64.Build.0 = Release|Any CPU
		{9AD56E52-E929-4400-875E-76ECD7F08411}.Release|x86.ActiveCfg = Release|Any CPU
		{9AD56E52-E929-4400-875E-76ECD7F08411}.Release|x86.Build.0 = Release|Any CPU
		{9EF4F0EC-1AF1-4AAE-BC96-A7748991F2B3}.Debug|Any CPU.ActiveCfg = Debug|Any CPU
		{9EF4F0EC-1AF1-4AAE-BC96-A7748991F2B3}.Debug|Any CPU.Build.0 = Debug|Any CPU
		{9EF4F0EC-1AF1-4AAE-BC96-A7748991F2B3}.Debug|x64.ActiveCfg = Debug|Any CPU
		{9EF4F0EC-1AF1-4AAE-BC96-A7748991F2B3}.Debug|x64.Build.0 = Debug|Any CPU
		{9EF4F0EC-1AF1-4AAE-BC96-A7748991F2B3}.Debug|x86.ActiveCfg = Debug|Any CPU
		{9EF4F0EC-1AF1-4AAE-BC96-A7748991F2B3}.Debug|x86.Build.0 = Debug|Any CPU
		{9EF4F0EC-1AF1-4AAE-BC96-A7748991F2B3}.Release|Any CPU.ActiveCfg = Release|Any CPU
		{9EF4F0EC-1AF1-4AAE-BC96-A7748991F2B3}.Release|Any CPU.Build.0 = Release|Any CPU
		{9EF4F0EC-1AF1-4AAE-BC96-A7748991F2B3}.Release|x64.ActiveCfg = Release|Any CPU
		{9EF4F0EC-1AF1-4AAE-BC96-A7748991F2B3}.Release|x64.Build.0 = Release|Any CPU
		{9EF4F0EC-1AF1-4AAE-BC96-A7748991F2B3}.Release|x86.ActiveCfg = Release|Any CPU
		{9EF4F0EC-1AF1-4AAE-BC96-A7748991F2B3}.Release|x86.Build.0 = Release|Any CPU
		{2E644736-205A-44BD-8CA4-05A21950EE6F}.Debug|Any CPU.ActiveCfg = Debug|Any CPU
		{2E644736-205A-44BD-8CA4-05A21950EE6F}.Debug|Any CPU.Build.0 = Debug|Any CPU
		{2E644736-205A-44BD-8CA4-05A21950EE6F}.Debug|x64.ActiveCfg = Debug|Any CPU
		{2E644736-205A-44BD-8CA4-05A21950EE6F}.Debug|x64.Build.0 = Debug|Any CPU
		{2E644736-205A-44BD-8CA4-05A21950EE6F}.Debug|x86.ActiveCfg = Debug|Any CPU
		{2E644736-205A-44BD-8CA4-05A21950EE6F}.Debug|x86.Build.0 = Debug|Any CPU
		{2E644736-205A-44BD-8CA4-05A21950EE6F}.Release|Any CPU.ActiveCfg = Release|Any CPU
		{2E644736-205A-44BD-8CA4-05A21950EE6F}.Release|Any CPU.Build.0 = Release|Any CPU
		{2E644736-205A-44BD-8CA4-05A21950EE6F}.Release|x64.ActiveCfg = Release|Any CPU
		{2E644736-205A-44BD-8CA4-05A21950EE6F}.Release|x64.Build.0 = Release|Any CPU
		{2E644736-205A-44BD-8CA4-05A21950EE6F}.Release|x86.ActiveCfg = Release|Any CPU
		{2E644736-205A-44BD-8CA4-05A21950EE6F}.Release|x86.Build.0 = Release|Any CPU
		{8E03CFBD-840B-4B69-9ED8-42F819B5DF56}.Debug|Any CPU.ActiveCfg = Debug|Any CPU
		{8E03CFBD-840B-4B69-9ED8-42F819B5DF56}.Debug|Any CPU.Build.0 = Debug|Any CPU
		{8E03CFBD-840B-4B69-9ED8-42F819B5DF56}.Debug|x64.ActiveCfg = Debug|Any CPU
		{8E03CFBD-840B-4B69-9ED8-42F819B5DF56}.Debug|x64.Build.0 = Debug|Any CPU
		{8E03CFBD-840B-4B69-9ED8-42F819B5DF56}.Debug|x86.ActiveCfg = Debug|Any CPU
		{8E03CFBD-840B-4B69-9ED8-42F819B5DF56}.Debug|x86.Build.0 = Debug|Any CPU
		{8E03CFBD-840B-4B69-9ED8-42F819B5DF56}.Release|Any CPU.ActiveCfg = Release|Any CPU
		{8E03CFBD-840B-4B69-9ED8-42F819B5DF56}.Release|Any CPU.Build.0 = Release|Any CPU
		{8E03CFBD-840B-4B69-9ED8-42F819B5DF56}.Release|x64.ActiveCfg = Release|Any CPU
		{8E03CFBD-840B-4B69-9ED8-42F819B5DF56}.Release|x64.Build.0 = Release|Any CPU
		{8E03CFBD-840B-4B69-9ED8-42F819B5DF56}.Release|x86.ActiveCfg = Release|Any CPU
		{8E03CFBD-840B-4B69-9ED8-42F819B5DF56}.Release|x86.Build.0 = Release|Any CPU
	EndGlobalSection
	GlobalSection(SolutionProperties) = preSolution
		HideSolutionNode = FALSE
	EndGlobalSection
	GlobalSection(NestedProjects) = preSolution
		{2132E9AA-A8A6-6DB3-1CCB-FE240A8CB002} = {DAD03CFC-D5FA-AC94-41C7-9ABAB326F09E}
		{9AD56E52-E929-4400-875E-76ECD7F08411} = {2132E9AA-A8A6-6DB3-1CCB-FE240A8CB002}
		{9EF4F0EC-1AF1-4AAE-BC96-A7748991F2B3} = {2132E9AA-A8A6-6DB3-1CCB-FE240A8CB002}
		{2E644736-205A-44BD-8CA4-05A21950EE6F} = {2132E9AA-A8A6-6DB3-1CCB-FE240A8CB002}
		{8E03CFBD-840B-4B69-9ED8-42F819B5DF56} = {2132E9AA-A8A6-6DB3-1CCB-FE240A8CB002}
	EndGlobalSection
EndGlobal
